// !$*UTF8*$!
{
	archiveVersion = 1;
	classes = {
	};
	objectVersion = 46;
	objects = {

/* Begin PBXBuildFile section */
		F71D16E81E064FD60099F65B /* ViewController.m in Sources */ = {isa = PBXBuildFile; fileRef = F71D16DB1E064FD60099F65B /* ViewController.m */; };
		F71D16E91E064FD60099F65B /* AppDelegate.m in Sources */ = {isa = PBXBuildFile; fileRef = F71D16E01E064FD60099F65B /* AppDelegate.m */; };
		F71D16EA1E064FD60099F65B /* Assets.xcassets in Resources */ = {isa = PBXBuildFile; fileRef = F71D16E11E064FD60099F65B /* Assets.xcassets */; };
		F71D16EC1E064FD60099F65B /* Main.storyboard in Resources */ = {isa = PBXBuildFile; fileRef = F71D16E41E064FD60099F65B /* Main.storyboard */; };
		F71D16ED1E064FD60099F65B /* main.m in Sources */ = {isa = PBXBuildFile; fileRef = F71D16E61E064FD60099F65B /* main.m */; };
		F71D16EF1E0662F00099F65B /* waterFall.plist in Resources */ = {isa = PBXBuildFile; fileRef = F71D16EE1E0662F00099F65B /* waterFall.plist */; };
		F71D16F11E0663880099F65B /* Launch Screen.storyboard in Resources */ = {isa = PBXBuildFile; fileRef = F71D16F01E0663880099F65B /* Launch Screen.storyboard */; };
		F71D16F41E06646F0099F65B /* JSGoodsModel.m in Sources */ = {isa = PBXBuildFile; fileRef = F71D16F31E06646F0099F65B /* JSGoodsModel.m */; };
		F71D16F71E0677B10099F65B /* JSWaterFallCollectionViewCell.m in Sources */ = {isa = PBXBuildFile; fileRef = F71D16F61E0677B10099F65B /* JSWaterFallCollectionViewCell.m */; };
		F71D16FA1E067EC00099F65B /* JSWaterFallFlowLayout.m in Sources */ = {isa = PBXBuildFile; fileRef = F71D16F91E067EC00099F65B /* JSWaterFallFlowLayout.m */; };
/* End PBXBuildFile section */

/* Begin PBXFileReference section */
		F71D16BD1E064F520099F65B /* JSWaterFallFlowLayout.app */ = {isa = PBXFileReference; explicitFileType = wrapper.application; includeInIndex = 0; path = JSWaterFallFlowLayout.app; sourceTree = BUILT_PRODUCTS_DIR; };
		F71D16D11E064F520099F65B /* Info.plist */ = {isa = PBXFileReference; lastKnownFileType = text.plist.xml; name = Info.plist; path = ../../Info.plist; sourceTree = "<group>"; };
		F71D16DA1E064FD60099F65B /* ViewController.h */ = {isa = PBXFileReference; fileEncoding = 4; lastKnownFileType = sourcecode.c.h; path = ViewController.h; sourceTree = "<group>"; };
		F71D16DB1E064FD60099F65B /* ViewController.m */ = {isa = PBXFileReference; fileEncoding = 4; lastKnownFileType = sourcecode.c.objc; path = ViewController.m; sourceTree = "<group>"; };
		F71D16DF1E064FD60099F65B /* AppDelegate.h */ = {isa = PBXFileReference; fileEncoding = 4; lastKnownFileType = sourcecode.c.h; path = AppDelegate.h; sourceTree = "<group>"; };
		F71D16E01E064FD60099F65B /* AppDelegate.m */ = {isa = PBXFileReference; fileEncoding = 4; lastKnownFileType = sourcecode.c.objc; path = AppDelegate.m; sourceTree = "<group>"; };
		F71D16E11E064FD60099F65B /* Assets.xcassets */ = {isa = PBXFileReference; lastKnownFileType = folder.assetcatalog; path = Assets.xcassets; sourceTree = "<group>"; };
		F71D16E51E064FD60099F65B /* Base */ = {isa = PBXFileReference; lastKnownFileType = file.storyboard; name = Base; path = Base.lproj/Main.storyboard; sourceTree = "<group>"; };
		F71D16E61E064FD60099F65B /* main.m */ = {isa = PBXFileReference; fileEncoding = 4; lastKnownFileType = sourcecode.c.objc; path = main.m; sourceTree = "<group>"; };
		F71D16EE1E0662F00099F65B /* waterFall.plist */ = {isa = PBXFileReference; fileEncoding = 4; lastKnownFileType = text.plist.xml; path = waterFall.plist; sourceTree = "<group>"; };
		F71D16F01E0663880099F65B /* Launch Screen.storyboard */ = {isa = PBXFileReference; fileEncoding = 4; lastKnownFileType = file.storyboard; path = "Launch Screen.storyboard"; sourceTree = "<group>"; };
		F71D16F21E06646F0099F65B /* JSGoodsModel.h */ = {isa = PBXFileReference; fileEncoding = 4; lastKnownFileType = sourcecode.c.h; path = JSGoodsModel.h; sourceTree = "<group>"; };
		F71D16F31E06646F0099F65B /* JSGoodsModel.m */ = {isa = PBXFileReference; fileEncoding = 4; lastKnownFileType = sourcecode.c.objc; path = JSGoodsModel.m; sourceTree = "<group>"; };
		F71D16F51E0677B10099F65B /* JSWaterFallCollectionViewCell.h */ = {isa = PBXFileReference; fileEncoding = 4; lastKnownFileType = sourcecode.c.h; path = JSWaterFallCollectionViewCell.h; sourceTree = "<group>"; };
		F71D16F61E0677B10099F65B /* JSWaterFallCollectionViewCell.m */ = {isa = PBXFileReference; fileEncoding = 4; lastKnownFileType = sourcecode.c.objc; path = JSWaterFallCollectionViewCell.m; sourceTree = "<group>"; };
		F71D16F81E067EC00099F65B /* JSWaterFallFlowLayout.h */ = {isa = PBXFileReference; fileEncoding = 4; lastKnownFileType = sourcecode.c.h; path = JSWaterFallFlowLayout.h; sourceTree = "<group>"; };
		F71D16F91E067EC00099F65B /* JSWaterFallFlowLayout.m */ = {isa = PBXFileReference; fileEncoding = 4; lastKnownFileType = sourcecode.c.objc; path = JSWaterFallFlowLayout.m; sourceTree = "<group>"; };
/* End PBXFileReference section */

/* Begin PBXFrameworksBuildPhase section */
		F71D16BA1E064F520099F65B /* Frameworks */ = {
			isa = PBXFrameworksBuildPhase;
			buildActionMask = 2147483647;
			files = (
			);
			runOnlyForDeploymentPostprocessing = 0;
		};
/* End PBXFrameworksBuildPhase section */

/* Begin PBXGroup section */
		F71D16B41E064F520099F65B = {
			isa = PBXGroup;
			children = (
				F71D16BF1E064F520099F65B /* JSWaterFallFlowLayout */,
				F71D16BE1E064F520099F65B /* Products */,
			);
			sourceTree = "<group>";
		};
		F71D16BE1E064F520099F65B /* Products */ = {
			isa = PBXGroup;
			children = (
				F71D16BD1E064F520099F65B /* JSWaterFallFlowLayout.app */,
			);
			name = Products;
			sourceTree = "<group>";
		};
		F71D16BF1E064F520099F65B /* JSWaterFallFlowLayout */ = {
			isa = PBXGroup;
			children = (
				F71D16E71E064FD60099F65B /* WaterFallFlowLayout */,
				F71D16D71E064FD60099F65B /* Demo */,
			);
			path = JSWaterFallFlowLayout;
			sourceTree = "<group>";
		};
		F71D16D71E064FD60099F65B /* Demo */ = {
			isa = PBXGroup;
			children = (
				F71D16D81E064FD60099F65B /* Classes */,
				F71D16DE1E064FD60099F65B /* SupportingFiles */,
			);
			path = Demo;
			sourceTree = "<group>";
		};
		F71D16D81E064FD60099F65B /* Classes */ = {
			isa = PBXGroup;
			children = (
				F71D16D91E064FD60099F65B /* Controllers */,
				F71D16DC1E064FD60099F65B /* Models */,
				F71D16DD1E064FD60099F65B /* Views */,
			);
			path = Classes;
			sourceTree = "<group>";
		};
		F71D16D91E064FD60099F65B /* Controllers */ = {
			isa = PBXGroup;
			children = (
				F71D16DA1E064FD60099F65B /* ViewController.h */,
				F71D16DB1E064FD60099F65B /* ViewController.m */,
			);
			path = Controllers;
			sourceTree = "<group>";
		};
		F71D16DC1E064FD60099F65B /* Models */ = {
			isa = PBXGroup;
			children = (
				F71D16F21E06646F0099F65B /* JSGoodsModel.h */,
				F71D16F31E06646F0099F65B /* JSGoodsModel.m */,
			);
			path = Models;
			sourceTree = "<group>";
		};
		F71D16DD1E064FD60099F65B /* Views */ = {
			isa = PBXGroup;
			children = (
				F71D16F51E0677B10099F65B /* JSWaterFallCollectionViewCell.h */,
				F71D16F61E0677B10099F65B /* JSWaterFallCollectionViewCell.m */,
			);
			path = Views;
			sourceTree = "<group>";
		};
		F71D16DE1E064FD60099F65B /* SupportingFiles */ = {
			isa = PBXGroup;
			children = (
				F71D16D11E064F520099F65B /* Info.plist */,
				F71D16DF1E064FD60099F65B /* AppDelegate.h */,
				F71D16E01E064FD60099F65B /* AppDelegate.m */,
				F71D16E11E064FD60099F65B /* Assets.xcassets */,
				F71D16E41E064FD60099F65B /* Main.storyboard */,
				F71D16F01E0663880099F65B /* Launch Screen.storyboard */,
				F71D16E61E064FD60099F65B /* main.m */,
			);
			path = SupportingFiles;
			sourceTree = "<group>";
		};
		F71D16E71E064FD60099F65B /* WaterFallFlowLayout */ = {
			isa = PBXGroup;
			children = (
				F71D16EE1E0662F00099F65B /* waterFall.plist */,
				F71D16F81E067EC00099F65B /* JSWaterFallFlowLayout.h */,
				F71D16F91E067EC00099F65B /* JSWaterFallFlowLayout.m */,
			);
			path = WaterFallFlowLayout;
			sourceTree = "<group>";
		};
/* End PBXGroup section */

/* Begin PBXNativeTarget section */
		F71D16BC1E064F520099F65B /* JSWaterFallFlowLayout */ = {
			isa = PBXNativeTarget;
			buildConfigurationList = F71D16D41E064F520099F65B /* Build configuration list for PBXNativeTarget "JSWaterFallFlowLayout" */;
			buildPhases = (
				F71D16B91E064F520099F65B /* Sources */,
				F71D16BA1E064F520099F65B /* Frameworks */,
				F71D16BB1E064F520099F65B /* Resources */,
			);
			buildRules = (
			);
			dependencies = (
			);
			name = JSWaterFallFlowLayout;
			productName = JSWaterFallFlowLayout;
			productReference = F71D16BD1E064F520099F65B /* JSWaterFallFlowLayout.app */;
			productType = "com.apple.product-type.application";
		};
/* End PBXNativeTarget section */

/* Begin PBXProject section */
		F71D16B51E064F520099F65B /* Project object */ = {
			isa = PBXProject;
			attributes = {
				LastUpgradeCheck = 0730;
				ORGANIZATIONNAME = ShenYj;
				TargetAttributes = {
					F71D16BC1E064F520099F65B = {
						CreatedOnToolsVersion = 7.3.1;
						DevelopmentTeam = KS5QTFAS57;
					};
				};
			};
			buildConfigurationList = F71D16B81E064F520099F65B /* Build configuration list for PBXProject "JSWaterFallFlowLayout" */;
			compatibilityVersion = "Xcode 3.2";
			developmentRegion = English;
			hasScannedForEncodings = 0;
			knownRegions = (
				en,
				Base,
			);
			mainGroup = F71D16B41E064F520099F65B;
			productRefGroup = F71D16BE1E064F520099F65B /* Products */;
			projectDirPath = "";
			projectRoot = "";
			targets = (
				F71D16BC1E064F520099F65B /* JSWaterFallFlowLayout */,
			);
		};
/* End PBXProject section */

/* Begin PBXResourcesBuildPhase section */
		F71D16BB1E064F520099F65B /* Resources */ = {
			isa = PBXResourcesBuildPhase;
			buildActionMask = 2147483647;
			files = (
				F71D16EC1E064FD60099F65B /* Main.storyboard in Resources */,
				F71D16EA1E064FD60099F65B /* Assets.xcassets in Resources */,
				F71D16F11E0663880099F65B /* Launch Screen.storyboard in Resources */,
				F71D16EF1E0662F00099F65B /* waterFall.plist in Resources */,
			);
			runOnlyForDeploymentPostprocessing = 0;
		};
/* End PBXResourcesBuildPhase section */

/* Begin PBXSourcesBuildPhase section */
		F71D16B91E064F520099F65B /* Sources */ = {
			isa = PBXSourcesBuildPhase;
			buildActionMask = 2147483647;
			files = (
				F71D16E91E064FD60099F65B /* AppDelegate.m in Sources */,
				F71D16FA1E067EC00099F65B /* JSWaterFallFlowLayout.m in Sources */,
				F71D16F71E0677B10099F65B /* JSWaterFallCollectionViewCell.m in Sources */,
				F71D16ED1E064FD60099F65B /* main.m in Sources */,
				F71D16E81E064FD60099F65B /* ViewController.m in Sources */,
				F71D16F41E06646F0099F65B /* JSGoodsModel.m in Sources */,
			);
			runOnlyForDeploymentPostprocessing = 0;
		};
/* End PBXSourcesBuildPhase section */

/* Begin PBXVariantGroup section */
		F71D16E41E064FD60099F65B /* Main.storyboard */ = {
			isa = PBXVariantGroup;
			children = (
				F71D16E51E064FD60099F65B /* Base */,
			);
			name = Main.storyboard;
			sourceTree = "<group>";
		};
/* End PBXVariantGroup section */

/* Begin XCBuildConfiguration section */
		F71D16D21E064F520099F65B /* Debug */ = {
			isa = XCBuildConfiguration;
			buildSettings = {
				ALWAYS_SEARCH_USER_PATHS = NO;
				CLANG_ANALYZER_NONNULL = YES;
				CLANG_CXX_LANGUAGE_STANDARD = "gnu++0x";
				CLANG_CXX_LIBRARY = "libc++";
				CLANG_ENABLE_MODULES = YES;
				CLANG_ENABLE_OBJC_ARC = YES;
				CLANG_WARN_BOOL_CONVERSION = YES;
				CLANG_WARN_CONSTANT_CONVERSION = YES;
				CLANG_WARN_DIRECT_OBJC_ISA_USAGE = YES_ERROR;
				CLANG_WARN_EMPTY_BODY = YES;
				CLANG_WARN_ENUM_CONVERSION = YES;
				CLANG_WARN_INT_CONVERSION = YES;
				CLANG_WARN_OBJC_ROOT_CLASS = YES_ERROR;
				CLANG_WARN_UNREACHABLE_CODE = YES;
				CLANG_WARN__DUPLICATE_METHOD_MATCH = YES;
				"CODE_SIGN_IDENTITY[sdk=iphoneos*]" = "iPhone Developer";
				COPY_PHASE_STRIP = NO;
				DEBUG_INFORMATION_FORMAT = dwarf;
				ENABLE_STRICT_OBJC_MSGSEND = YES;
				ENABLE_TESTABILITY = YES;
				GCC_C_LANGUAGE_STANDARD = gnu99;
				GCC_DYNAMIC_NO_PIC = NO;
				GCC_NO_COMMON_BLOCKS = YES;
				GCC_OPTIMIZATION_LEVEL = 0;
				GCC_PREPROCESSOR_DEFINITIONS = (
					"DEBUG=1",
					"$(inherited)",
				);
				GCC_WARN_64_TO_32_BIT_CONVERSION = YES;
				GCC_WARN_ABOUT_RETURN_TYPE = YES_ERROR;
				GCC_WARN_UNDECLARED_SELECTOR = YES;
				GCC_WARN_UNINITIALIZED_AUTOS = YES_AGGRESSIVE;
				GCC_WARN_UNUSED_FUNCTION = YES;
				GCC_WARN_UNUSED_VARIABLE = YES;
				IPHONEOS_DEPLOYMENT_TARGET = 9.3;
				MTL_ENABLE_DEBUG_INFO = YES;
				ONLY_ACTIVE_ARCH = YES;
				SDKROOT = iphoneos;
				TARGETED_DEVICE_FAMILY = "1,2";
			};
			name = Debug;
		};
		F71D16D31E064F520099F65B /* Release */ = {
			isa = XCBuildConfiguration;
			buildSettings = {
				ALWAYS_SEARCH_USER_PATHS = NO;
				CLANG_ANALYZER_NONNULL = YES;
				CLANG_CXX_LANGUAGE_STANDARD = "gnu++0x";
				CLANG_CXX_LIBRARY = "libc++";
				CLANG_ENABLE_MODULES = YES;
				CLANG_ENABLE_OBJC_ARC = YES;
				CLANG_WARN_BOOL_CONVERSION = YES;
				CLANG_WARN_CONSTANT_CONVERSION = YES;
				CLANG_WARN_DIRECT_OBJC_ISA_USAGE = YES_ERROR;
				CLANG_WARN_EMPTY_BODY = YES;
				CLANG_WARN_ENUM_CONVERSION = YES;
				CLANG_WARN_INT_CONVERSION = YES;
				CLANG_WARN_OBJC_ROOT_CLASS = YES_ERROR;
				CLANG_WARN_UNREACHABLE_CODE = YES;
				CLANG_WARN__DUPLICATE_METHOD_MATCH = YES;
				"CODE_SIGN_IDENTITY[sdk=iphoneos*]" = "iPhone Developer";
				COPY_PHASE_STRIP = NO;
				DEBUG_INFORMATION_FORMAT = "dwarf-with-dsym";
				ENABLE_NS_ASSERTIONS = NO;
				ENABLE_STRICT_OBJC_MSGSEND = YES;
				GCC_C_LANGUAGE_STANDARD = gnu99;
				GCC_NO_COMMON_BLOCKS = YES;
				GCC_WARN_64_TO_32_BIT_CONVERSION = YES;
				GCC_WARN_ABOUT_RETURN_TYPE = YES_ERROR;
				GCC_WARN_UNDECLARED_SELECTOR = YES;
				GCC_WARN_UNINITIALIZED_AUTOS = YES_AGGRESSIVE;
				GCC_WARN_UNUSED_FUNCTION = YES;
				GCC_WARN_UNUSED_VARIABLE = YES;
				IPHONEOS_DEPLOYMENT_TARGET = 9.3;
				MTL_ENABLE_DEBUG_INFO = NO;
				SDKROOT = iphoneos;
				TARGETED_DEVICE_FAMILY = "1,2";
				VALIDATE_PRODUCT = YES;
			};
			name = Release;
		};
		F71D16D51E064F520099F65B /* Debug */ = {
			isa = XCBuildConfiguration;
			buildSettings = {
				ASSETCATALOG_COMPILER_APPICON_NAME = AppIcon;
				INFOPLIST_FILE = JSWaterFallFlowLayout/Info.plist;
				IPHONEOS_DEPLOYMENT_TARGET = 9.0;
				LD_RUNPATH_SEARCH_PATHS = "$(inherited) @executable_path/Frameworks";
				PRODUCT_BUNDLE_IDENTIFIER = com.ShenYj.JSWaterFallFlowLayout;
				PRODUCT_NAME = "$(TARGET_NAME)";
			};
			name = Debug;
		};
		F71D16D61E064F520099F65B /* Release */ = {
			isa = XCBuildConfiguration;
			buildSettings = {
				ASSETCATALOG_COMPILER_APPICON_NAME = AppIcon;
				INFOPLIST_FILE = JSWaterFallFlowLayout/Info.plist;
				IPHONEOS_DEPLOYMENT_TARGET = 9.0;
				LD_RUNPATH_SEARCH_PATHS = "$(inherited) @executable_path/Frameworks";
				PRODUCT_BUNDLE_IDENTIFIER = com.ShenYj.JSWaterFallFlowLayout;
				PRODUCT_NAME = "$(TARGET_NAME)";
			};
			name = Release;
		};
/* End XCBuildConfiguration section */

/* Begin XCConfigurationList section */
		F71D16B81E064F520099F65B /* Build configuration list for PBXProject "JSWaterFallFlowLayout" */ = {
			isa = XCConfigurationList;
			buildConfigurations = (
				F71D16D21E064F520099F65B /* Debug */,
				F71D16D31E064F520099F65B /* Release */,
			);
			defaultConfigurationIsVisible = 0;
			defaultConfigurationName = Release;
		};
		F71D16D41E064F520099F65B /* Build configuration list for PBXNativeTarget "JSWaterFallFlowLayout" */ = {
			isa = XCConfigurationList;
			buildConfigurations = (
				F71D16D51E064F520099F65B /* Debug */,
				F71D16D61E064F520099F65B /* Release */,
			);
			defaultConfigurationIsVisible = 0;
		};
/* End XCConfigurationList section */
	};
	rootObject = F71D16B51E064F520099F65B /* Project object */;
}
